
Microsoft Visual Studio Solution File, Format Version 12.00
# Visual Studio 14
VisualStudioVersion = 14.0.25420.1
MinimumVisualStudioVersion = 10.0.40219.1
Project("{FAE04EC0-301F-11D3-BF4B-00C04F79EFBC}") = "BT2_Client", "BT2_Client\BT2_Client.csproj", "{7DB5CB56-CD78-4971-A204-D98FE9132BE4}"
EndProject
Project("{FAE04EC0-301F-11D3-BF4B-00C04F79EFBC}") = "BT2_Server", "BT2_Server\BT2_Server.csproj", "{63F1F887-C5CC-4A93-A918-2164A2C25DAE}"
EndProject
Global
	GlobalSection(SolutionConfigurationPlatforms) = preSolution
		Debug|Any CPU = Debug|Any CPU
		Release|Any CPU = Release|Any CPU
	EndGlobalSection
	GlobalSection(ProjectConfigurationPlatforms) = postSolution
		{7DB5CB56-CD78-4971-A204-D98FE9132BE4}.Debug|Any CPU.ActiveCfg = Debug|Any CPU
		{7DB5CB56-CD78-4971-A204-D98FE9132BE4}.Debug|Any CPU.Build.0 = Debug|Any CPU
		{7DB5CB56-CD78-4971-A204-D98FE9132BE4}.Release|Any CPU.ActiveCfg = Release|Any CPU
		{7DB5CB56-CD78-4971-A204-D98FE9132BE4}.Release|Any CPU.Build.0 = Release|Any CPU
		{63F1F887-C5CC-4A93-A918-2164A2C25DAE}.Debug|Any CPU.ActiveCfg = Debug|Any CPU
		{63F1F887-C5CC-4A93-A918-2164A2C25DAE}.Debug|Any CPU.Build.0 = Debug|Any CPU
		{63F1F887-C5CC-4A93-A918-2164A2C25DAE}.Release|Any CPU.ActiveCfg = Release|Any CPU
		{63F1F887-C5CC-4A93-A918-2164A2C25DAE}.Release|Any CPU.Build.0 = Release|Any CPU
	EndGlobalSection
	GlobalSection(SolutionProperties) = preSolution
		HideSolutionNode = FALSE
	EndGlobalSection
EndGlobal
